// !$*UTF8*$!
{
	archiveVersion = 1;
	classes = {
	};
	objectVersion = 77;
	objects = {

/* Begin PBXBuildFile section */
		371C6CB12FDBD93C00225FE5 /* YKSpinWheel in Frameworks */ = {isa = PBXBuildFile; productRef = 371C6CB02FDBD93C00225FE5 /* YKSpinWheel */; };
		371C6F4E2FDD714A00225FE5 /* Alamofire in Frameworks */ = {isa = PBXBuildFile; productRef = 371C6F4D2FDD714A00225FE5 /* Alamofire */; };
		37267F0E2E927B8E0019D139 /* Kingfisher in Frameworks */ = {isa = PBXBuildFile; productRef = 37267F0D2E927B8E0019D139 /* Kingfisher */; };
		372851593008FEF500C0605F /* GoogleMobileAds in Frameworks */ = {isa = PBXBuildFile; productRef = 372851583008FEF500C0605F /* GoogleMobileAds */; };
		373232812F7239AC004F3DF9 /* Domain in Frameworks */ = {isa = PBXBuildFile; productRef = 373232802F7239AC004F3DF9 /* Domain */; };
		373876C8300CCD2F009949B4 /* CoreAPI in Frameworks */ = {isa = PBXBuildFile; productRef = 373876C7300CCD2F009949B4 /* CoreAPI */; };
		373876CB300CCD44009949B4 /* DependencyContainer in Frameworks */ = {isa = PBXBuildFile; productRef = 373876CA300CCD44009949B4 /* DependencyContainer */; };
		373876CE300CCD59009949B4 /* Domain in Frameworks */ = {isa = PBXBuildFile; productRef = 373876CD300CCD59009949B4 /* Domain */; };
		373876D0300CCD59009949B4 /* DomainMocks in Frameworks */ = {isa = PBXBuildFile; productRef = 373876CF300CCD59009949B4 /* DomainMocks */; };
		373876D3300CCD68009949B4 /* Router in Frameworks */ = {isa = PBXBuildFile; productRef = 373876D2300CCD68009949B4 /* Router */; };
		375FE1A92F7005F200765018 /* CoreAPI in Frameworks */ = {isa = PBXBuildFile; productRef = 375FE1A82F7005F200765018 /* CoreAPI */; };
		375FE1B82F704F7200765018 /* Router in Frameworks */ = {isa = PBXBuildFile; productRef = 375FE1B72F704F7200765018 /* Router */; };
		376DE2F72FCABB3E00305BAB /* ZIPFoundation in Frameworks */ = {isa = PBXBuildFile; productRef = 376DE2F62FCABB3E00305BAB /* ZIPFoundation */; };
		377BE2B22F854D8E008A13CC /* FirebaseAnalytics in Frameworks */ = {isa = PBXBuildFile; productRef = 377BE2B12F854D8E008A13CC /* FirebaseAnalytics */; };
		377BE2B62F854D8E008A13CC /* FirebaseAppDistribution-Beta in Frameworks */ = {isa = PBXBuildFile; productRef = 377BE2B52F854D8E008A13CC /* FirebaseAppDistribution-Beta */; };
		377BE2B82F854D8E008A13CC /* FirebaseAuth in Frameworks */ = {isa = PBXBuildFile; productRef = 377BE2B72F854D8E008A13CC /* FirebaseAuth */; };
		377BE2BA2F854D8E008A13CC /* FirebaseCore in Frameworks */ = {isa = PBXBuildFile; productRef = 377BE2B92F854D8E008A13CC /* FirebaseCore */; };
		377BE2BC2F854D8E008A13CC /* FirebaseCrashlytics in Frameworks */ = {isa = PBXBuildFile; productRef = 377BE2BB2F854D8E008A13CC /* FirebaseCrashlytics */; };
		377BE2BE2F854D8E008A13CC /* FirebaseFirestore in Frameworks */ = {isa = PBXBuildFile; productRef = 377BE2BD2F854D8E008A13CC /* FirebaseFirestore */; };
		377BE2C02F854D8E008A13CC /* FirebaseFunctions in Frameworks */ = {isa = PBXBuildFile; productRef = 377BE2BF2F854D8E008A13CC /* FirebaseFunctions */; };
		377BE2C22F854D8E008A13CC /* FirebasePerformance in Frameworks */ = {isa = PBXBuildFile; productRef = 377BE2C12F854D8E008A13CC /* FirebasePerformance */; };
		377BE2C42F854D8E008A13CC /* FirebaseRemoteConfig in Frameworks */ = {isa = PBXBuildFile; productRef = 377BE2C32F854D8E008A13CC /* FirebaseRemoteConfig */; };
		377BE2CC2F868777008A13CC /* GoogleSignIn in Frameworks */ = {isa = PBXBuildFile; productRef = 377BE2CB2F868777008A13CC /* GoogleSignIn */; };
		377BE2CE2F868777008A13CC /* GoogleSignInSwift in Frameworks */ = {isa = PBXBuildFile; productRef = 377BE2CD2F868777008A13CC /* GoogleSignInSwift */; };
		3788162A2F82754600C2BB52 /* YKSpinWheel in Frameworks */ = {isa = PBXBuildFile; productRef = 378816292F82754600C2BB52 /* YKSpinWheel */; };
		3791D1A52F6EE10F002D219E /* DependencyContainer in Frameworks */ = {isa = PBXBuildFile; productRef = 3791D1A42F6EE10F002D219E /* DependencyContainer */; };
		37D84B602EA8C43A0063F4D8 /* Lottie in Frameworks */ = {isa = PBXBuildFile; productRef = 37D84B5F2EA8C43A0063F4D8 /* Lottie */; };
		37D8A7992EF928A700E59CA9 /* Alamofire in Frameworks */ = {isa = PBXBuildFile; productRef = 37D8A7982EF928A700E59CA9 /* Alamofire */; };
		37E8617C2F72C94300DD54C6 /* DomainMocks in Frameworks */ = {isa = PBXBuildFile; productRef = 37E8617B2F72C94300DD54C6 /* DomainMocks */; };
/* End PBXBuildFile section */

/* Begin PBXContainerItemProxy section */
		37B28C562F74FE75008A7591 /* PBXContainerItemProxy */ = {
			isa = PBXContainerItemProxy;
			containerPortal = 37267D182E90E9D90019D139 /* Project object */;
			proxyType = 1;
			remoteGlobalIDString = 37267D1F2E90E9D90019D139;
			remoteInfo = VocabularyForest;
		};
		37BFA05B2F6D24C0007C20E7 /* PBXContainerItemProxy */ = {
			isa = PBXContainerItemProxy;
			containerPortal = 37267D182E90E9D90019D139 /* Project object */;
			proxyType = 1;
			remoteGlobalIDString = 37267D1F2E90E9D90019D139;
			remoteInfo = VocabularyForest;
		};
/* End PBXContainerItemProxy section */

/* Begin PBXFileReference section */
		37267D202E90E9D90019D139 /* VocabularyForest.app */ = {isa = PBXFileReference; explicitFileType = wrapper.application; includeInIndex = 0; path = VocabularyForest.app; sourceTree = BUILT_PRODUCTS_DIR; };
		375FE02D2F7005E700765018 /* CoreAPI */ = {isa = PBXFileReference; lastKnownFileType = wrapper; path = CoreAPI; sourceTree = "<group>"; };
		375FE02E2F7005E700765018 /* Domain */ = {isa = PBXFileReference; lastKnownFileType = wrapper; path = Domain; sourceTree = "<group>"; };
		375FE1AA2F70071100765018 /* Router */ = {isa = PBXFileReference; lastKnownFileType = wrapper; path = Router; sourceTree = "<group>"; };
		3791D1A12F6EBC0A002D219E /* DependencyContainer */ = {isa = PBXFileReference; lastKnownFileType = wrapper; path = DependencyContainer; sourceTree = "<group>"; };
		3791D1A22F6EBDE5002D219E /* VocabularyForest.xctestplan */ = {isa = PBXFileReference; lastKnownFileType = text; path = VocabularyForest.xctestplan; sourceTree = "<group>"; };
		37B28C502F74FE75008A7591 /* VocabularyForestUITests.xctest */ = {isa = PBXFileReference; explicitFileType = wrapper.cfbundle; includeInIndex = 0; path = VocabularyForestUITests.xctest; sourceTree = BUILT_PRODUCTS_DIR; };
		37BFA0572F6D24C0007C20E7 /* VocabularyForestTests.xctest */ = {isa = PBXFileReference; explicitFileType = wrapper.cfbundle; includeInIndex = 0; path = VocabularyForestTests.xctest; sourceTree = BUILT_PRODUCTS_DIR; };
/* End PBXFileReference section */

/* Begin PBXFileSystemSynchronizedBuildFileExceptionSet section */
		3710E1BA2FF2A0180068731C /* Exceptions for "Data" folder in "VocabularyForest" target */ = {
			isa = PBXFileSystemSynchronizedBuildFileExceptionSet;
			membershipExceptions = (
				TestAssets.xcassets,
			);
			target = 37267D1F2E90E9D90019D139 /* VocabularyForest */;
		};
		377C6AF4300CD310002E12A6 /* Exceptions for "VocabularyForest" folder in "VocabularyForest" target */ = {
			isa = PBXFileSystemSynchronizedBuildFileExceptionSet;
			membershipExceptions = (
				Data/Source/Info.plist,
				Data/Source/InfoPlist.xcstrings,
			);
			target = 37267D1F2E90E9D90019D139 /* VocabularyForest */;
		};
/* End PBXFileSystemSynchronizedBuildFileExceptionSet section */

/* Begin PBXFileSystemSynchronizedRootGroup section */
		3710E1B72FF29FFB0068731C /* Data */ = {
			isa = PBXFileSystemSynchronizedRootGroup;
			exceptions = (
				3710E1BA2FF2A0180068731C /* Exceptions for "Data" folder in "VocabularyForest" target */,
			);
			path = Data;
			sourceTree = "<group>";
		};
		37267D222E90E9D90019D139 /* VocabularyForest */ = {
			isa = PBXFileSystemSynchronizedRootGroup;
			exceptions = (
				377C6AF4300CD310002E12A6 /* Exceptions for "VocabularyForest" folder in "VocabularyForest" target */,
			);
			path = VocabularyForest;
			sourceTree = "<group>";
		};
		37B28C512F74FE75008A7591 /* VocabularyForestUITests */ = {
			isa = PBXFileSystemSynchronizedRootGroup;
			path = VocabularyForestUITests;
			sourceTree = "<group>";
		};
		37BFA0582F6D24C0007C20E7 /* VocabularyForestTests */ = {
			isa = PBXFileSystemSynchronizedRootGroup;
			path = VocabularyForestTests;
			sourceTree = "<group>";
		};
		37D8A8B02EF95A1A00E59CA9 /* BookcasePackets */ = {
			isa = PBXFileSystemSynchronizedRootGroup;
			path = BookcasePackets;
			sourceTree = "<group>";
		};
		37D8A8B12EF95A2600E59CA9 /* Models */ = {
			isa = PBXFileSystemSynchronizedRootGroup;
			path = Models;
			sourceTree = "<group>";
		};
/* End PBXFileSystemSynchronizedRootGroup section */

/* Begin PBXFrameworksBuildPhase section */
		37267D1D2E90E9D90019D139 /* Frameworks */ = {
			isa = PBXFrameworksBuildPhase;
			buildActionMask = 2147483647;
			files = (
				375FE1B82F704F7200765018 /* Router in Frameworks */,
				377BE2BA2F854D8E008A13CC /* FirebaseCore in Frameworks */,
				375FE1A92F7005F200765018 /* CoreAPI in Frameworks */,
				377BE2C02F854D8E008A13CC /* FirebaseFunctions in Frameworks */,
				37267F0E2E927B8E0019D139 /* Kingfisher in Frameworks */,
				377BE2BE2F854D8E008A13CC /* FirebaseFirestore in Frameworks */,
				371C6CB12FDBD93C00225FE5 /* YKSpinWheel in Frameworks */,
				377BE2B62F854D8E008A13CC /* FirebaseAppDistribution-Beta in Frameworks */,
				3791D1A52F6EE10F002D219E /* DependencyContainer in Frameworks */,
				377BE2B82F854D8E008A13CC /* FirebaseAuth in Frameworks */,
				373876C8300CCD2F009949B4 /* CoreAPI in Frameworks */,
				3788162A2F82754600C2BB52 /* YKSpinWheel in Frameworks */,
				37D8A7992EF928A700E59CA9 /* Alamofire in Frameworks */,
				377BE2B22F854D8E008A13CC /* FirebaseAnalytics in Frameworks */,
				37E8617C2F72C94300DD54C6 /* DomainMocks in Frameworks */,
				377BE2C22F854D8E008A13CC /* FirebasePerformance in Frameworks */,
				373876D0300CCD59009949B4 /* DomainMocks in Frameworks */,
				37D84B602EA8C43A0063F4D8 /* Lottie in Frameworks */,
				373876CB300CCD44009949B4 /* DependencyContainer in Frameworks */,
				372851593008FEF500C0605F /* GoogleMobileAds in Frameworks */,
				377BE2BC2F854D8E008A13CC /* FirebaseCrashlytics in Frameworks */,
				373232812F7239AC004F3DF9 /* Domain in Frameworks */,
				377BE2C42F854D8E008A13CC /* FirebaseRemoteConfig in Frameworks */,
				373876D3300CCD68009949B4 /* Router in Frameworks */,
				377BE2CC2F868777008A13CC /* GoogleSignIn in Frameworks */,
				373876CE300CCD59009949B4 /* Domain in Frameworks */,
				377BE2CE2F868777008A13CC /* GoogleSignInSwift in Frameworks */,
				376DE2F72FCABB3E00305BAB /* ZIPFoundation in Frameworks */,
			);
			runOnlyForDeploymentPostprocessing = 0;
		};
		37B28C4D2F74FE75008A7591 /* Frameworks */ = {
			isa = PBXFrameworksBuildPhase;
			buildActionMask = 2147483647;
			files = (
			);
			runOnlyForDeploymentPostprocessing = 0;
		};
		37BFA0542F6D24C0007C20E7 /* Frameworks */ = {
			isa = PBXFrameworksBuildPhase;
			buildActionMask = 2147483647;
			files = (
				371C6F4E2FDD714A00225FE5 /* Alamofire in Frameworks */,
			);
			runOnlyForDeploymentPostprocessing = 0;
		};
/* End PBXFrameworksBuildPhase section */

/* Begin PBXGroup section */
		37267D172E90E9D90019D139 = {
			isa = PBXGroup;
			children = (
				3791D1A22F6EBDE5002D219E /* VocabularyForest.xctestplan */,
				37D8A8AF2EF959E500E59CA9 /* Preview Content */,
				37BFA0632F6E6778007C20E7 /* Packages */,
				37267D222E90E9D90019D139 /* VocabularyForest */,
				37BFA0582F6D24C0007C20E7 /* VocabularyForestTests */,
				37B28C512F74FE75008A7591 /* VocabularyForestUITests */,
				3791D1A32F6EE10F002D219E /* Frameworks */,
				37267D212E90E9D90019D139 /* Products */,
			);
			sourceTree = "<group>";
		};
		37267D212E90E9D90019D139 /* Products */ = {
			isa = PBXGroup;
			children = (
				37267D202E90E9D90019D139 /* VocabularyForest.app */,
				37BFA0572F6D24C0007C20E7 /* VocabularyForestTests.xctest */,
				37B28C502F74FE75008A7591 /* VocabularyForestUITests.xctest */,
			);
			name = Products;
			sourceTree = "<group>";
		};
		3791D1A32F6EE10F002D219E /* Frameworks */ = {
			isa = PBXGroup;
			children = (
			);
			name = Frameworks;
			sourceTree = "<group>";
		};
		37BFA0632F6E6778007C20E7 /* Packages */ = {
			isa = PBXGroup;
			children = (
				375FE1AA2F70071100765018 /* Router */,
				3791D1A12F6EBC0A002D219E /* DependencyContainer */,
				375FE02D2F7005E700765018 /* CoreAPI */,
				375FE02E2F7005E700765018 /* Domain */,
			);
			path = Packages;
			sourceTree = "<group>";
		};
		37D8A8AF2EF959E500E59CA9 /* Preview Content */ = {
			isa = PBXGroup;
			children = (
				3710E1B72FF29FFB0068731C /* Data */,
				37D8A8B12EF95A2600E59CA9 /* Models */,
				37D8A8B02EF95A1A00E59CA9 /* BookcasePackets */,
			);
			path = "Preview Content";
			sourceTree = "<group>";
		};
/* End PBXGroup section */

/* Begin PBXNativeTarget section */
		37267D1F2E90E9D90019D139 /* VocabularyForest */ = {
			isa = PBXNativeTarget;
			buildConfigurationList = 37267D302E90E9DB0019D139 /* Build configuration list for PBXNativeTarget "VocabularyForest" */;
			buildPhases = (
				37267D1C2E90E9D90019D139 /* Sources */,
				37267D1D2E90E9D90019D139 /* Frameworks */,
				37267D1E2E90E9D90019D139 /* Resources */,
			);
			buildRules = (
			);
			dependencies = (
			);
			fileSystemSynchronizedGroups = (
				37267D222E90E9D90019D139 /* VocabularyForest */,
				37D8A8B12EF95A2600E59CA9 /* Models */,
			);
			name = VocabularyForest;
			packageProductDependencies = (
				37267F0D2E927B8E0019D139 /* Kingfisher */,
				37D84B5F2EA8C43A0063F4D8 /* Lottie */,
				37D8A7982EF928A700E59CA9 /* Alamofire */,
				3791D1A42F6EE10F002D219E /* DependencyContainer */,
				375FE1A82F7005F200765018 /* CoreAPI */,
				375FE1B72F704F7200765018 /* Router */,
				373232802F7239AC004F3DF9 /* Domain */,
				37E8617B2F72C94300DD54C6 /* DomainMocks */,
				378816292F82754600C2BB52 /* YKSpinWheel */,
				377BE2B12F854D8E008A13CC /* FirebaseAnalytics */,
				377BE2B52F854D8E008A13CC /* FirebaseAppDistribution-Beta */,
				377BE2B72F854D8E008A13CC /* FirebaseAuth */,
				377BE2B92F854D8E008A13CC /* FirebaseCore */,
				377BE2BB2F854D8E008A13CC /* FirebaseCrashlytics */,
				377BE2BD2F854D8E008A13CC /* FirebaseFirestore */,
				377BE2BF2F854D8E008A13CC /* FirebaseFunctions */,
				377BE2C12F854D8E008A13CC /* FirebasePerformance */,
				377BE2C32F854D8E008A13CC /* FirebaseRemoteConfig */,
				377BE2CB2F868777008A13CC /* GoogleSignIn */,
				377BE2CD2F868777008A13CC /* GoogleSignInSwift */,
				376DE2F62FCABB3E00305BAB /* ZIPFoundation */,
				371C6CB02FDBD93C00225FE5 /* YKSpinWheel */,
				372851583008FEF500C0605F /* GoogleMobileAds */,
				373876C7300CCD2F009949B4 /* CoreAPI */,
				373876CA300CCD44009949B4 /* DependencyContainer */,
				373876CD300CCD59009949B4 /* Domain */,
				373876CF300CCD59009949B4 /* DomainMocks */,
				373876D2300CCD68009949B4 /* Router */,
			);
			productName = VocabularyForest;
			productReference = 37267D202E90E9D90019D139 /* VocabularyForest.app */;
			productType = "com.apple.product-type.application";
		};
		37B28C4F2F74FE75008A7591 /* VocabularyForestUITests */ = {
			isa = PBXNativeTarget;
			buildConfigurationList = 37B28C582F74FE75008A7591 /* Build configuration list for PBXNativeTarget "VocabularyForestUITests" */;
			buildPhases = (
				37B28C4C2F74FE75008A7591 /* Sources */,
				37B28C4D2F74FE75008A7591 /* Frameworks */,
				37B28C4E2F74FE75008A7591 /* Resources */,
			);
			buildRules = (
			);
			dependencies = (
				37B28C572F74FE75008A7591 /* PBXTargetDependency */,
			);
			fileSystemSynchronizedGroups = (
				37B28C512F74FE75008A7591 /* VocabularyForestUITests */,
			);
			name = VocabularyForestUITests;
			packageProductDependencies = (
			);
			productName = VocabularyForestUITests;
			productReference = 37B28C502F74FE75008A7591 /* VocabularyForestUITests.xctest */;
			productType = "com.apple.product-type.bundle.ui-testing";
		};
		37BFA0562F6D24C0007C20E7 /* VocabularyForestTests */ = {
			isa = PBXNativeTarget;
			buildConfigurationList = 37BFA05D2F6D24C0007C20E7 /* Build configuration list for PBXNativeTarget "VocabularyForestTests" */;
			buildPhases = (
				37BFA0532F6D24C0007C20E7 /* Sources */,
				37BFA0542F6D24C0007C20E7 /* Frameworks */,
				37BFA0552F6D24C0007C20E7 /* Resources */,
			);
			buildRules = (
			);
			dependencies = (
				37BFA05C2F6D24C0007C20E7 /* PBXTargetDependency */,
			);
			fileSystemSynchronizedGroups = (
				37BFA0582F6D24C0007C20E7 /* VocabularyForestTests */,
			);
			name = VocabularyForestTests;
			packageProductDependencies = (
				371C6F4D2FDD714A00225FE5 /* Alamofire */,
			);
			productName = VocabularyForestTests;
			productReference = 37BFA0572F6D24C0007C20E7 /* VocabularyForestTests.xctest */;
			productType = "com.apple.product-type.bundle.unit-test";
		};
/* End PBXNativeTarget section */

/* Begin PBXProject section */
		37267D182E90E9D90019D139 /* Project object */ = {
			isa = PBXProject;
			attributes = {
				BuildIndependentTargetsInParallel = 1;
				LastSwiftUpdateCheck = 2600;
				LastUpgradeCheck = 2600;
				TargetAttributes = {
					37267D1F2E90E9D90019D139 = {
						CreatedOnToolsVersion = 26.0.1;
					};
					37B28C4F2F74FE75008A7591 = {
						CreatedOnToolsVersion = 26.0.1;
						TestTargetID = 37267D1F2E90E9D90019D139;
					};
					37BFA0562F6D24C0007C20E7 = {
						CreatedOnToolsVersion = 26.0.1;
						LastSwiftMigration = 2600;
						TestTargetID = 37267D1F2E90E9D90019D139;
					};
				};
			};
			buildConfigurationList = 37267D1B2E90E9D90019D139 /* Build configuration list for PBXProject "VocabularyForest" */;
			developmentRegion = en;
			hasScannedForEncodings = 0;
			knownRegions = (
				en,
				Base,
				tr,
				ru,
				"es-419",
				"pt-BR",
				ar,
				de,
				fr,
				it,
				"zh-CN",
				ja,
				ko,
				hi,
			);
			mainGroup = 37267D172E90E9D90019D139;
			minimizedProjectReferenceProxies = 1;
			packageReferences = (
				37267F0C2E927B8E0019D139 /* XCRemoteSwiftPackageReference "Kingfisher" */,
				37D84B5E2EA8C43A0063F4D8 /* XCRemoteSwiftPackageReference "lottie-ios" */,
				37D8A7972EF928A700E59CA9 /* XCRemoteSwiftPackageReference "Alamofire" */,
				377BE2B02F854D8E008A13CC /* XCRemoteSwiftPackageReference "firebase-ios-sdk" */,
				377BE2CA2F868777008A13CC /* XCRemoteSwiftPackageReference "GoogleSignIn-iOS" */,
				376DE2F52FCABB3E00305BAB /* XCRemoteSwiftPackageReference "ZIPFoundation" */,
				371C6CAF2FDBD93C00225FE5 /* XCRemoteSwiftPackageReference "YKSpinWheel" */,
				372851573008FEF500C0605F /* XCRemoteSwiftPackageReference "swift-package-manager-google-mobile-ads" */,
				373876C6300CCD2F009949B4 /* XCLocalSwiftPackageReference "Packages/CoreAPI" */,
				373876C9300CCD44009949B4 /* XCLocalSwiftPackageReference "Packages/DependencyContainer" */,
				373876CC300CCD59009949B4 /* XCLocalSwiftPackageReference "Packages/Domain" */,
				373876D1300CCD68009949B4 /* XCLocalSwiftPackageReference "Packages/Router" */,
			);
			preferredProjectObjectVersion = 77;
			productRefGroup = 37267D212E90E9D90019D139 /* Products */;
			projectDirPath = "";
			projectRoot = "";
			targets = (
				37267D1F2E90E9D90019D139 /* VocabularyForest */,
				37BFA0562F6D24C0007C20E7 /* VocabularyForestTests */,
				37B28C4F2F74FE75008A7591 /* VocabularyForestUITests */,
			);
		};
/* End PBXProject section */

/* Begin PBXResourcesBuildPhase section */
		37267D1E2E90E9D90019D139 /* Resources */ = {
			isa = PBXResourcesBuildPhase;
			buildActionMask = 2147483647;
			files = (
			);
			runOnlyForDeploymentPostprocessing = 0;
		};
		37B28C4E2F74FE75008A7591 /* Resources */ = {
			isa = PBXResourcesBuildPhase;
			buildActionMask = 2147483647;
			files = (
			);
			runOnlyForDeploymentPostprocessing = 0;
		};
		37BFA0552F6D24C0007C20E7 /* Resources */ = {
			isa = PBXResourcesBuildPhase;
			buildActionMask = 2147483647;
			files = (
			);
			runOnlyForDeploymentPostprocessing = 0;
		};
/* End PBXResourcesBuildPhase section */

/* Begin PBXSourcesBuildPhase section */
		37267D1C2E90E9D90019D139 /* Sources */ = {
			isa = PBXSourcesBuildPhase;
			buildActionMask = 2147483647;
			files = (
			);
			runOnlyForDeploymentPostprocessing = 0;
		};
		37B28C4C2F74FE75008A7591 /* Sources */ = {
			isa = PBXSourcesBuildPhase;
			buildActionMask = 2147483647;
			files = (
			);
			runOnlyForDeploymentPostprocessing = 0;
		};
		37BFA0532F6D24C0007C20E7 /* Sources */ = {
			isa = PBXSourcesBuildPhase;
			buildActionMask = 2147483647;
			files = (
			);
			runOnlyForDeploymentPostprocessing = 0;
		};
/* End PBXSourcesBuildPhase section */

/* Begin PBXTargetDependency section */
		37B28C572F74FE75008A7591 /* PBXTargetDependency */ = {
			isa = PBXTargetDependency;
			target = 37267D1F2E90E9D90019D139 /* VocabularyForest */;
			targetProxy = 37B28C562F74FE75008A7591 /* PBXContainerItemProxy */;
		};
		37BFA05C2F6D24C0007C20E7 /* PBXTargetDependency */ = {
			isa = PBXTargetDependency;
			target = 37267D1F2E90E9D90019D139 /* VocabularyForest */;
			targetProxy = 37BFA05B2F6D24C0007C20E7 /* PBXContainerItemProxy */;
		};
/* End PBXTargetDependency section */

/* Begin XCBuildConfiguration section */
		37267D2E2E90E9DB0019D139 /* Debug */ = {
			isa = XCBuildConfiguration;
			baseConfigurationReferenceAnchor = 37267D222E90E9D90019D139 /* VocabularyForest */;
			baseConfigurationReferenceRelativePath = Data/Source/Debug.xcconfig;
			buildSettings = {
				ALWAYS_SEARCH_USER_PATHS = NO;
				ASSETCATALOG_COMPILER_GENERATE_SWIFT_ASSET_SYMBOL_EXTENSIONS = YES;
				CLANG_ANALYZER_NONNULL = YES;
				CLANG_ANALYZER_NUMBER_OBJECT_CONVERSION = YES_AGGRESSIVE;
				CLANG_CXX_LANGUAGE_STANDARD = "gnu++20";
				CLANG_ENABLE_MODULES = YES;
				CLANG_ENABLE_OBJC_ARC = YES;
				CLANG_ENABLE_OBJC_WEAK = YES;
				CLANG_WARN_BLOCK_CAPTURE_AUTORELEASING = YES;
				CLANG_WARN_BOOL_CONVERSION = YES;
				CLANG_WARN_COMMA = YES;
				CLANG_WARN_CONSTANT_CONVERSION = YES;
				CLANG_WARN_DEPRECATED_OBJC_IMPLEMENTATIONS = YES;
				CLANG_WARN_DIRECT_OBJC_ISA_USAGE = YES_ERROR;
				CLANG_WARN_DOCUMENTATION_COMMENTS = YES;
				CLANG_WARN_EMPTY_BODY = YES;
				CLANG_WARN_ENUM_CONVERSION = YES;
				CLANG_WARN_INFINITE_RECURSION = YES;
				CLANG_WARN_INT_CONVERSION = YES;
				CLANG_WARN_NON_LITERAL_NULL_CONVERSION = YES;
				CLANG_WARN_OBJC_IMPLICIT_RETAIN_SELF = YES;
				CLANG_WARN_OBJC_LITERAL_CONVERSION = YES;
				CLANG_WARN_OBJC_ROOT_CLASS = YES_ERROR;
				CLANG_WARN_QUOTED_INCLUDE_IN_FRAMEWORK_HEADER = YES;
				CLANG_WARN_RANGE_LOOP_ANALYSIS = YES;
				CLANG_WARN_STRICT_PROTOTYPES = YES;
				CLANG_WARN_SUSPICIOUS_MOVE = YES;
				CLANG_WARN_UNGUARDED_AVAILABILITY = YES_AGGRESSIVE;
				CLANG_WARN_UNREACHABLE_CODE = YES;
				CLANG_WARN__DUPLICATE_METHOD_MATCH = YES;
				COPY_PHASE_STRIP = NO;
				DEBUG_INFORMATION_FORMAT = dwarf;
				DEVELOPMENT_TEAM = 4QK62PW2A7;
				ENABLE_STRICT_OBJC_MSGSEND = YES;
				ENABLE_TESTABILITY = YES;
				ENABLE_USER_SCRIPT_SANDBOXING = YES;
				GCC_C_LANGUAGE_STANDARD = gnu17;
				GCC_DYNAMIC_NO_PIC = NO;
				GCC_NO_COMMON_BLOCKS = YES;
				GCC_OPTIMIZATION_LEVEL = 0;
				GCC_PREPROCESSOR_DEFINITIONS = (
					"DEBUG=1",
					"$(inherited)",
				);
				GCC_WARN_64_TO_32_BIT_CONVERSION = YES;
				GCC_WARN_ABOUT_RETURN_TYPE = YES_ERROR;
				GCC_WARN_UNDECLARED_SELECTOR = YES;
				GCC_WARN_UNINITIALIZED_AUTOS = YES_AGGRESSIVE;
				GCC_WARN_UNUSED_FUNCTION = YES;
				GCC_WARN_UNUSED_VARIABLE = YES;
				IPHONEOS_DEPLOYMENT_TARGET = 16.6;
				LOCALIZATION_PREFERS_STRING_CATALOGS = YES;
				MTL_ENABLE_DEBUG_INFO = INCLUDE_SOURCE;
				MTL_FAST_MATH = YES;
				ONLY_ACTIVE_ARCH = YES;
				SDKROOT = iphoneos;
				SWIFT_ACTIVE_COMPILATION_CONDITIONS = "DEBUG $(inherited)";
				SWIFT_EMIT_LOC_STRINGS = YES;
				SWIFT_OPTIMIZATION_LEVEL = "-Onone";
			};
			name = Debug;
		};
		37267D2F2E90E9DB0019D139 /* Release */ = {
			isa = XCBuildConfiguration;
			baseConfigurationReferenceAnchor = 37267D222E90E9D90019D139 /* VocabularyForest */;
			baseConfigurationReferenceRelativePath = Data/Source/Release.xcconfig;
			buildSettings = {
				ALWAYS_SEARCH_USER_PATHS = NO;
				ASSETCATALOG_COMPILER_GENERATE_SWIFT_ASSET_SYMBOL_EXTENSIONS = YES;
				CLANG_ANALYZER_NONNULL = YES;
				CLANG_ANALYZER_NUMBER_OBJECT_CONVERSION = YES_AGGRESSIVE;
				CLANG_CXX_LANGUAGE_STANDARD = "gnu++20";
				CLANG_ENABLE_MODULES = YES;
				CLANG_ENABLE_OBJC_ARC = YES;
				CLANG_ENABLE_OBJC_WEAK = YES;
				CLANG_WARN_BLOCK_CAPTURE_AUTORELEASING = YES;
				CLANG_WARN_BOOL_CONVERSION = YES;
				CLANG_WARN_COMMA = YES;
				CLANG_WARN_CONSTANT_CONVERSION = YES;
				CLANG_WARN_DEPRECATED_OBJC_IMPLEMENTATIONS = YES;
				CLANG_WARN_DIRECT_OBJC_ISA_USAGE = YES_ERROR;
				CLANG_WARN_DOCUMENTATION_COMMENTS = YES;
				CLANG_WARN_EMPTY_BODY = YES;
				CLANG_WARN_ENUM_CONVERSION = YES;
				CLANG_WARN_INFINITE_RECURSION = YES;
				CLANG_WARN_INT_CONVERSION = YES;
				CLANG_WARN_NON_LITERAL_NULL_CONVERSION = YES;
				CLANG_WARN_OBJC_IMPLICIT_RETAIN_SELF = YES;
				CLANG_WARN_OBJC_LITERAL_CONVERSION = YES;
				CLANG_WARN_OBJC_ROOT_CLASS = YES_ERROR;
				CLANG_WARN_QUOTED_INCLUDE_IN_FRAMEWORK_HEADER = YES;
				CLANG_WARN_RANGE_LOOP_ANALYSIS = YES;
				CLANG_WARN_STRICT_PROTOTYPES = YES;
				CLANG_WARN_SUSPICIOUS_MOVE = YES;
				CLANG_WARN_UNGUARDED_AVAILABILITY = YES_AGGRESSIVE;
				CLANG_WARN_UNREACHABLE_CODE = YES;
				CLANG_WARN__DUPLICATE_METHOD_MATCH = YES;
				COPY_PHASE_STRIP = NO;
				DEBUG_INFORMATION_FORMAT = "dwarf-with-dsym";
				DEVELOPMENT_TEAM = 4QK62PW2A7;
				ENABLE_NS_ASSERTIONS = NO;
				ENABLE_STRICT_OBJC_MSGSEND = YES;
				ENABLE_USER_SCRIPT_SANDBOXING = YES;
				GCC_C_LANGUAGE_STANDARD = gnu17;
				GCC_NO_COMMON_BLOCKS = YES;
				GCC_WARN_64_TO_32_BIT_CONVERSION = YES;
				GCC_WARN_ABOUT_RETURN_TYPE = YES_ERROR;
				GCC_WARN_UNDECLARED_SELECTOR = YES;
				GCC_WARN_UNINITIALIZED_AUTOS = YES_AGGRESSIVE;
				GCC_WARN_UNUSED_FUNCTION = YES;
				GCC_WARN_UNUSED_VARIABLE = YES;
				IPHONEOS_DEPLOYMENT_TARGET = 16.6;
				LOCALIZATION_PREFERS_STRING_CATALOGS = YES;
				MTL_ENABLE_DEBUG_INFO = NO;
				MTL_FAST_MATH = YES;
				SDKROOT = iphoneos;
				SWIFT_COMPILATION_MODE = wholemodule;
				SWIFT_EMIT_LOC_STRINGS = YES;
				VALIDATE_PRODUCT = YES;
			};
			name = Release;
		};
		37267D312E90E9DB0019D139 /* Debug */ = {
			isa = XCBuildConfiguration;
			baseConfigurationReferenceAnchor = 37267D222E90E9D90019D139 /* VocabularyForest */;
			baseConfigurationReferenceRelativePath = Data/Source/Debug.xcconfig;
			buildSettings = {
				ASSETCATALOG_COMPILER_APPICON_NAME = AppIcon;
				ASSETCATALOG_COMPILER_GLOBAL_ACCENT_COLOR_NAME = AccentColor;
				CODE_SIGN_ENTITLEMENTS = VocabularyForest/VocabularyForest.entitlements;
				CODE_SIGN_IDENTITY = "Apple Development";
				CODE_SIGN_STYLE = Automatic;
				CURRENT_PROJECT_VERSION = 1;
				DEVELOPMENT_ASSET_PATHS = "Preview\\ Content";
				DEVELOPMENT_TEAM = FNF48X95J5;
				ENABLE_PREVIEWS = YES;
				GENERATE_INFOPLIST_FILE = YES;
				INFOPLIST_FILE = VocabularyForest/Data/Source/Info.plist;
				INFOPLIST_KEY_CFBundleDisplayName = VocabForest;
				INFOPLIST_KEY_ITSAppUsesNonExemptEncryption = NO;
				INFOPLIST_KEY_LSApplicationCategoryType = "public.app-category.education";
				INFOPLIST_KEY_NSUserTrackingUsageDescription = "We use your data to deliver better ads.";
				INFOPLIST_KEY_UIApplicationSceneManifest_Generation = YES;
				INFOPLIST_KEY_UIApplicationSupportsIndirectInputEvents = YES;
				INFOPLIST_KEY_UILaunchScreen_Generation = YES;
				INFOPLIST_KEY_UISupportedInterfaceOrientations_iPad = "UIInterfaceOrientationPortrait UIInterfaceOrientationPortraitUpsideDown UIInterfaceOrientationLandscapeLeft UIInterfaceOrientationLandscapeRight";
				INFOPLIST_KEY_UISupportedInterfaceOrientations_iPhone = UIInterfaceOrientationPortrait;
				INFOPLIST_KEY_UIUserInterfaceStyle = Light;
				IPHONEOS_DEPLOYMENT_TARGET = 16.6;
				LD_RUNPATH_SEARCH_PATHS = (
					"$(inherited)",
					"@executable_path/Frameworks",
				);
				MARKETING_VERSION = 1.0.7;
				PRODUCT_BUNDLE_IDENTIFIER = "com.bootcamp.vocabulary-forest";
				PRODUCT_NAME = "$(TARGET_NAME)";
				PROVISIONING_PROFILE_SPECIFIER = "";
				STRING_CATALOG_GENERATE_SYMBOLS = YES;
				SWIFT_APPROACHABLE_CONCURRENCY = YES;
				SWIFT_DEFAULT_ACTOR_ISOLATION = MainActor;
				SWIFT_EMIT_LOC_STRINGS = YES;
				SWIFT_UPCOMING_FEATURE_MEMBER_IMPORT_VISIBILITY = YES;
				SWIFT_VERSION = 5.0;
				TARGETED_DEVICE_FAMILY = "1,2";
			};
			name = Debug;
		};
		37267D322E90E9DB0019D139 /* Release */ = {
			isa = XCBuildConfiguration;
			baseConfigurationReferenceAnchor = 37267D222E90E9D90019D139 /* VocabularyForest */;
			baseConfigurationReferenceRelativePath = Data/Source/Release.xcconfig;
			buildSettings = {
				ASSETCATALOG_COMPILER_APPICON_NAME = AppIcon;
				ASSETCATALOG_COMPILER_GLOBAL_ACCENT_COLOR_NAME = AccentColor;
				CODE_SIGN_ENTITLEMENTS = VocabularyForest/VocabularyForest.entitlements;
				CODE_SIGN_IDENTITY = "Apple Development";
				CODE_SIGN_STYLE = Automatic;
				CURRENT_PROJECT_VERSION = 1;
				DEVELOPMENT_ASSET_PATHS = "Preview\\ Content";
				DEVELOPMENT_TEAM = FNF48X95J5;
				ENABLE_PREVIEWS = YES;
				GENERATE_INFOPLIST_FILE = YES;
				INFOPLIST_FILE = VocabularyForest/Data/Source/Info.plist;
				INFOPLIST_KEY_CFBundleDisplayName = VocabForest;
				INFOPLIST_KEY_ITSAppUsesNonExemptEncryption = NO;
				INFOPLIST_KEY_LSApplicationCategoryType = "public.app-category.education";
				INFOPLIST_KEY_NSUserTrackingUsageDescription = "We use your data to deliver better ads.";
				INFOPLIST_KEY_UIApplicationSceneManifest_Generation = YES;
				INFOPLIST_KEY_UIApplicationSupportsIndirectInputEvents = YES;
				INFOPLIST_KEY_UILaunchScreen_Generation = YES;
				INFOPLIST_KEY_UISupportedInterfaceOrientations_iPad = "UIInterfaceOrientationPortrait UIInterfaceOrientationPortraitUpsideDown UIInterfaceOrientationLandscapeLeft UIInterfaceOrientationLandscapeRight";
				INFOPLIST_KEY_UISupportedInterfaceOrientations_iPhone = UIInterfaceOrientationPortrait;
				INFOPLIST_KEY_UIUserInterfaceStyle = Light;
				IPHONEOS_DEPLOYMENT_TARGET = 16.6;
				LD_RUNPATH_SEARCH_PATHS = (
					"$(inherited)",
					"@executable_path/Frameworks",
				);
				MARKETING_VERSION = 1.0.7;
				PRODUCT_BUNDLE_IDENTIFIER = "com.bootcamp.vocabulary-forest";
				PRODUCT_NAME = "$(TARGET_NAME)";
				PROVISIONING_PROFILE_SPECIFIER = "";
				STRING_CATALOG_GENERATE_SYMBOLS = YES;
				SWIFT_APPROACHABLE_CONCURRENCY = YES;
				SWIFT_DEFAULT_ACTOR_ISOLATION = MainActor;
				SWIFT_EMIT_LOC_STRINGS = YES;
				SWIFT_UPCOMING_FEATURE_MEMBER_IMPORT_VISIBILITY = YES;
				SWIFT_VERSION = 5.0;
				TARGETED_DEVICE_FAMILY = "1,2";
			};
			name = Release;
		};
		37B28C592F74FE75008A7591 /* Debug */ = {
			isa = XCBuildConfiguration;
			buildSettings = {
				CODE_SIGN_STYLE = Automatic;
				CURRENT_PROJECT_VERSION = 1;
				DEVELOPMENT_TEAM = FNF48X95J5;
				GENERATE_INFOPLIST_FILE = YES;
				IPHONEOS_DEPLOYMENT_TARGET = 15.6;
				MARKETING_VERSION = 1.0;
				PRODUCT_BUNDLE_IDENTIFIER = com.yakupkavak.VocabularyForestUITests;
				PRODUCT_NAME = "$(TARGET_NAME)";
				STRING_CATALOG_GENERATE_SYMBOLS = NO;
				SWIFT_APPROACHABLE_CONCURRENCY = YES;
				SWIFT_EMIT_LOC_STRINGS = NO;
				SWIFT_UPCOMING_FEATURE_MEMBER_IMPORT_VISIBILITY = YES;
				SWIFT_VERSION = 5.0;
				TARGETED_DEVICE_FAMILY = "1,2";
				TEST_TARGET_NAME = VocabularyForest;
			};
			name = Debug;
		};
		37B28C5A2F74FE75008A7591 /* Release */ = {
			isa = XCBuildConfiguration;
			buildSettings = {
				CODE_SIGN_STYLE = Automatic;
				CURRENT_PROJECT_VERSION = 1;
				DEVELOPMENT_TEAM = FNF48X95J5;
				GENERATE_INFOPLIST_FILE = YES;
				IPHONEOS_DEPLOYMENT_TARGET = 15.6;
				MARKETING_VERSION = 1.0;
				PRODUCT_BUNDLE_IDENTIFIER = com.yakupkavak.VocabularyForestUITests;
				PRODUCT_NAME = "$(TARGET_NAME)";
				STRING_CATALOG_GENERATE_SYMBOLS = NO;
				SWIFT_APPROACHABLE_CONCURRENCY = YES;
				SWIFT_EMIT_LOC_STRINGS = NO;
				SWIFT_UPCOMING_FEATURE_MEMBER_IMPORT_VISIBILITY = YES;
				SWIFT_VERSION = 5.0;
				TARGETED_DEVICE_FAMILY = "1,2";
				TEST_TARGET_NAME = VocabularyForest;
			};
			name = Release;
		};
		37BFA05E2F6D24C0007C20E7 /* Debug */ = {
			isa = XCBuildConfiguration;
			buildSettings = {
				BUNDLE_LOADER = "$(TEST_HOST)";
				CLANG_ENABLE_MODULES = YES;
				CODE_SIGN_STYLE = Automatic;
				CURRENT_PROJECT_VERSION = 1;
				DEVELOPMENT_TEAM = FNF48X95J5;
				GENERATE_INFOPLIST_FILE = YES;
				IPHONEOS_DEPLOYMENT_TARGET = 16.6;
				MARKETING_VERSION = 1.0;
				PRODUCT_BUNDLE_IDENTIFIER = com.yakupkavak.VocabularyForestTests;
				PRODUCT_NAME = "$(TARGET_NAME)";
				STRING_CATALOG_GENERATE_SYMBOLS = NO;
				SWIFT_APPROACHABLE_CONCURRENCY = YES;
				SWIFT_EMIT_LOC_STRINGS = NO;
				SWIFT_OPTIMIZATION_LEVEL = "-Onone";
				SWIFT_UPCOMING_FEATURE_MEMBER_IMPORT_VISIBILITY = YES;
				SWIFT_VERSION = 5.0;
				TARGETED_DEVICE_FAMILY = "1,2";
				TEST_HOST = "$(BUILT_PRODUCTS_DIR)/VocabularyForest.app/$(BUNDLE_EXECUTABLE_FOLDER_PATH)/VocabularyForest";
			};
			name = Debug;
		};
		37BFA05F2F6D24C0007C20E7 /* Release */ = {
			isa = XCBuildConfiguration;
			buildSettings = {
				BUNDLE_LOADER = "$(TEST_HOST)";
				CLANG_ENABLE_MODULES = YES;
				CODE_SIGN_STYLE = Automatic;
				CURRENT_PROJECT_VERSION = 1;
				DEVELOPMENT_TEAM = FNF48X95J5;
				GENERATE_INFOPLIST_FILE = YES;
				IPHONEOS_DEPLOYMENT_TARGET = 16.6;
				MARKETING_VERSION = 1.0;
				PRODUCT_BUNDLE_IDENTIFIER = com.yakupkavak.VocabularyForestTests;
				PRODUCT_NAME = "$(TARGET_NAME)";
				STRING_CATALOG_GENERATE_SYMBOLS = NO;
				SWIFT_APPROACHABLE_CONCURRENCY = YES;
				SWIFT_EMIT_LOC_STRINGS = NO;
				SWIFT_UPCOMING_FEATURE_MEMBER_IMPORT_VISIBILITY = YES;
				SWIFT_VERSION = 5.0;
				TARGETED_DEVICE_FAMILY = "1,2";
				TEST_HOST = "$(BUILT_PRODUCTS_DIR)/VocabularyForest.app/$(BUNDLE_EXECUTABLE_FOLDER_PATH)/VocabularyForest";
			};
			name = Release;
		};
/* End XCBuildConfiguration section */

/* Begin XCConfigurationList section */
		37267D1B2E90E9D90019D139 /* Build configuration list for PBXProject "VocabularyForest" */ = {
			isa = XCConfigurationList;
			buildConfigurations = (
				37267D2E2E90E9DB0019D139 /* Debug */,
				37267D2F2E90E9DB0019D139 /* Release */,
			);
			defaultConfigurationIsVisible = 0;
			defaultConfigurationName = Release;
		};
		37267D302E90E9DB0019D139 /* Build configuration list for PBXNativeTarget "VocabularyForest" */ = {
			isa = XCConfigurationList;
			buildConfigurations = (
				37267D312E90E9DB0019D139 /* Debug */,
				37267D322E90E9DB0019D139 /* Release */,
			);
			defaultConfigurationIsVisible = 0;
			defaultConfigurationName = Release;
		};
		37B28C582F74FE75008A7591 /* Build configuration list for PBXNativeTarget "VocabularyForestUITests" */ = {
			isa = XCConfigurationList;
			buildConfigurations = (
				37B28C592F74FE75008A7591 /* Debug */,
				37B28C5A2F74FE75008A7591 /* Release */,
			);
			defaultConfigurationIsVisible = 0;
			defaultConfigurationName = Release;
		};
		37BFA05D2F6D24C0007C20E7 /* Build configuration list for PBXNativeTarget "VocabularyForestTests" */ = {
			isa = XCConfigurationList;
			buildConfigurations = (
				37BFA05E2F6D24C0007C20E7 /* Debug */,
				37BFA05F2F6D24C0007C20E7 /* Release */,
			);
			defaultConfigurationIsVisible = 0;
			defaultConfigurationName = Release;
		};
/* End XCConfigurationList section */

/* Begin XCLocalSwiftPackageReference section */
		373876C6300CCD2F009949B4 /* XCLocalSwiftPackageReference "Packages/CoreAPI" */ = {
			isa = XCLocalSwiftPackageReference;
			relativePath = Packages/CoreAPI;
		};
		373876C9300CCD44009949B4 /* XCLocalSwiftPackageReference "Packages/DependencyContainer" */ = {
			isa = XCLocalSwiftPackageReference;
			relativePath = Packages/DependencyContainer;
		};
		373876CC300CCD59009949B4 /* XCLocalSwiftPackageReference "Packages/Domain" */ = {
			isa = XCLocalSwiftPackageReference;
			relativePath = Packages/Domain;
		};
		373876D1300CCD68009949B4 /* XCLocalSwiftPackageReference "Packages/Router" */ = {
			isa = XCLocalSwiftPackageReference;
			relativePath = Packages/Router;
		};
/* End XCLocalSwiftPackageReference section */

/* Begin XCRemoteSwiftPackageReference section */
		371C6CAF2FDBD93C00225FE5 /* XCRemoteSwiftPackageReference "YKSpinWheel" */ = {
			isa = XCRemoteSwiftPackageReference;
			repositoryURL = "https://github.com/yakupkavak/YKSpinWheel";
			requirement = {
				branch = main;
				kind = branch;
			};
		};
		37267F0C2E927B8E0019D139 /* XCRemoteSwiftPackageReference "Kingfisher" */ = {
			isa = XCRemoteSwiftPackageReference;
			repositoryURL = "https://github.com/onevcat/Kingfisher";
			requirement = {
				kind = upToNextMajorVersion;
				minimumVersion = 8.5.0;
			};
		};
		372851573008FEF500C0605F /* XCRemoteSwiftPackageReference "swift-package-manager-google-mobile-ads" */ = {
			isa = XCRemoteSwiftPackageReference;
			repositoryURL = "https://github.com/googleads/swift-package-manager-google-mobile-ads";
			requirement = {
				kind = upToNextMajorVersion;
				minimumVersion = 13.6.0;
			};
		};
		376DE2F52FCABB3E00305BAB /* XCRemoteSwiftPackageReference "ZIPFoundation" */ = {
			isa = XCRemoteSwiftPackageReference;
			repositoryURL = "https://github.com/weichsel/ZIPFoundation.git";
			requirement = {
				kind = upToNextMajorVersion;
				minimumVersion = 0.9.20;
			};
		};
		377BE2B02F854D8E008A13CC /* XCRemoteSwiftPackageReference "firebase-ios-sdk" */ = {
			isa = XCRemoteSwiftPackageReference;
			repositoryURL = "https://github.com/firebase/firebase-ios-sdk";
			requirement = {
				kind = upToNextMajorVersion;
				minimumVersion = 12.12.0;
			};
		};
		377BE2CA2F868777008A13CC /* XCRemoteSwiftPackageReference "GoogleSignIn-iOS" */ = {
			isa = XCRemoteSwiftPackageReference;
			repositoryURL = "https://github.com/google/GoogleSignIn-iOS";
			requirement = {
				kind = upToNextMajorVersion;
				minimumVersion = 9.1.0;
			};
		};
		37D84B5E2EA8C43A0063F4D8 /* XCRemoteSwiftPackageReference "lottie-ios" */ = {
			isa = XCRemoteSwiftPackageReference;
			repositoryURL = "https://github.com/airbnb/lottie-ios.git";
			requirement = {
				kind = upToNextMajorVersion;
				minimumVersion = 4.5.2;
			};
		};
		37D8A7972EF928A700E59CA9 /* XCRemoteSwiftPackageReference "Alamofire" */ = {
			isa = XCRemoteSwiftPackageReference;
			repositoryURL = "https://github.com/Alamofire/Alamofire";
			requirement = {
				kind = upToNextMajorVersion;
				minimumVersion = 5.11.0;
			};
		};
/* End XCRemoteSwiftPackageReference section */

/* Begin XCSwiftPackageProductDependency section */
		371C6CB02FDBD93C00225FE5 /* YKSpinWheel */ = {
			isa = XCSwiftPackageProductDependency;
			package = 371C6CAF2FDBD93C00225FE5 /* XCRemoteSwiftPackageReference "YKSpinWheel" */;
			productName = YKSpinWheel;
		};
		371C6F4D2FDD714A00225FE5 /* Alamofire */ = {
			isa = XCSwiftPackageProductDependency;
			package = 37D8A7972EF928A700E59CA9 /* XCRemoteSwiftPackageReference "Alamofire" */;
			productName = Alamofire;
		};
		37267F0D2E927B8E0019D139 /* Kingfisher */ = {
			isa = XCSwiftPackageProductDependency;
			package = 37267F0C2E927B8E0019D139 /* XCRemoteSwiftPackageReference "Kingfisher" */;
			productName = Kingfisher;
		};
		372851583008FEF500C0605F /* GoogleMobileAds */ = {
			isa = XCSwiftPackageProductDependency;
			package = 372851573008FEF500C0605F /* XCRemoteSwiftPackageReference "swift-package-manager-google-mobile-ads" */;
			productName = GoogleMobileAds;
		};
		373232802F7239AC004F3DF9 /* Domain */ = {
			isa = XCSwiftPackageProductDependency;
			productName = Domain;
		};
		373876C7300CCD2F009949B4 /* CoreAPI */ = {
			isa = XCSwiftPackageProductDependency;
			productName = CoreAPI;
		};
		373876CA300CCD44009949B4 /* DependencyContainer */ = {
			isa = XCSwiftPackageProductDependency;
			productName = DependencyContainer;
		};
		373876CD300CCD59009949B4 /* Domain */ = {
			isa = XCSwiftPackageProductDependency;
			productName = Domain;
		};
		373876CF300CCD59009949B4 /* DomainMocks */ = {
			isa = XCSwiftPackageProductDependency;
			productName = DomainMocks;
		};
		373876D2300CCD68009949B4 /* Router */ = {
			isa = XCSwiftPackageProductDependency;
			productName = Router;
		};
		375FE1A82F7005F200765018 /* CoreAPI */ = {
			isa = XCSwiftPackageProductDependency;
			productName = CoreAPI;
		};
		375FE1B72F704F7200765018 /* Router */ = {
			isa = XCSwiftPackageProductDependency;
			productName = Router;
		};
		376DE2F62FCABB3E00305BAB /* ZIPFoundation */ = {
			isa = XCSwiftPackageProductDependency;
			package = 376DE2F52FCABB3E00305BAB /* XCRemoteSwiftPackageReference "ZIPFoundation" */;
			productName = ZIPFoundation;
		};
		377BE2B12F854D8E008A13CC /* FirebaseAnalytics */ = {
			isa = XCSwiftPackageProductDependency;
			package = 377BE2B02F854D8E008A13CC /* XCRemoteSwiftPackageReference "firebase-ios-sdk" */;
			productName = FirebaseAnalytics;
		};
		377BE2B52F854D8E008A13CC /* FirebaseAppDistribution-Beta */ = {
			isa = XCSwiftPackageProductDependency;
			package = 377BE2B02F854D8E008A13CC /* XCRemoteSwiftPackageReference "firebase-ios-sdk" */;
			productName = "FirebaseAppDistribution-Beta";
		};
		377BE2B72F854D8E008A13CC /* FirebaseAuth */ = {
			isa = XCSwiftPackageProductDependency;
			package = 377BE2B02F854D8E008A13CC /* XCRemoteSwiftPackageReference "firebase-ios-sdk" */;
			productName = FirebaseAuth;
		};
		377BE2B92F854D8E008A13CC /* FirebaseCore */ = {
			isa = XCSwiftPackageProductDependency;
			package = 377BE2B02F854D8E008A13CC /* XCRemoteSwiftPackageReference "firebase-ios-sdk" */;
			productName = FirebaseCore;
		};
		377BE2BB2F854D8E008A13CC /* FirebaseCrashlytics */ = {
			isa = XCSwiftPackageProductDependency;
			package = 377BE2B02F854D8E008A13CC /* XCRemoteSwiftPackageReference "firebase-ios-sdk" */;
			productName = FirebaseCrashlytics;
		};
		377BE2BD2F854D8E008A13CC /* FirebaseFirestore */ = {
			isa = XCSwiftPackageProductDependency;
			package = 377BE2B02F854D8E008A13CC /* XCRemoteSwiftPackageReference "firebase-ios-sdk" */;
			productName = FirebaseFirestore;
		};
		377BE2BF2F854D8E008A13CC /* FirebaseFunctions */ = {
			isa = XCSwiftPackageProductDependency;
			package = 377BE2B02F854D8E008A13CC /* XCRemoteSwiftPackageReference "firebase-ios-sdk" */;
			productName = FirebaseFunctions;
		};
		377BE2C12F854D8E008A13CC /* FirebasePerformance */ = {
			isa = XCSwiftPackageProductDependency;
			package = 377BE2B02F854D8E008A13CC /* XCRemoteSwiftPackageReference "firebase-ios-sdk" */;
			productName = FirebasePerformance;
		};
		377BE2C32F854D8E008A13CC /* FirebaseRemoteConfig */ = {
			isa = XCSwiftPackageProductDependency;
			package = 377BE2B02F854D8E008A13CC /* XCRemoteSwiftPackageReference "firebase-ios-sdk" */;
			productName = FirebaseRemoteConfig;
		};
		377BE2CB2F868777008A13CC /* GoogleSignIn */ = {
			isa = XCSwiftPackageProductDependency;
			package = 377BE2CA2F868777008A13CC /* XCRemoteSwiftPackageReference "GoogleSignIn-iOS" */;
			productName = GoogleSignIn;
		};
		377BE2CD2F868777008A13CC /* GoogleSignInSwift */ = {
			isa = XCSwiftPackageProductDependency;
			package = 377BE2CA2F868777008A13CC /* XCRemoteSwiftPackageReference "GoogleSignIn-iOS" */;
			productName = GoogleSignInSwift;
		};
		378816292F82754600C2BB52 /* YKSpinWheel */ = {
			isa = XCSwiftPackageProductDependency;
			productName = YKSpinWheel;
		};
		3791D1A42F6EE10F002D219E /* DependencyContainer */ = {
			isa = XCSwiftPackageProductDependency;
			productName = DependencyContainer;
		};
		37D84B5F2EA8C43A0063F4D8 /* Lottie */ = {
			isa = XCSwiftPackageProductDependency;
			package = 37D84B5E2EA8C43A0063F4D8 /* XCRemoteSwiftPackageReference "lottie-ios" */;
			productName = Lottie;
		};
		37D8A7982EF928A700E59CA9 /* Alamofire */ = {
			isa = XCSwiftPackageProductDependency;
			package = 37D8A7972EF928A700E59CA9 /* XCRemoteSwiftPackageReference "Alamofire" */;
			productName = Alamofire;
		};
		37E8617B2F72C94300DD54C6 /* DomainMocks */ = {
			isa = XCSwiftPackageProductDependency;
			productName = DomainMocks;
		};
/* End XCSwiftPackageProductDependency section */
	};
	rootObject = 37267D182E90E9D90019D139 /* Project object */;
}
